
Microsoft Visual Studio Solution File, Format Version 12.00
# Visual Studio Version 17
VisualStudioVersion = 17.3.32611.2
MinimumVisualStudioVersion = 10.0.40219.1
Project("{FAE04EC0-301F-11D3-BF4B-00C04F79EFBC}") = "WoodParser", "WoodParser\WoodParser.csproj", "{12232886-082B-4791-AB5C-D284092454F7}"
EndProject
Global
	GlobalSection(SolutionConfigurationPlatforms) = preSolution
		Debug|Any CPU = Debug|Any CPU
		Release|Any CPU = Release|Any CPU
	EndGlobalSection
	GlobalSection(ProjectConfigurationPlatforms) = postSolution
		{12232886-082B-4791-AB5C-D284092454F7}.Debug|Any CPU.ActiveCfg = Debug|Any CPU
		{12232886-082B-4791-AB5C-D284092454F7}.Debug|Any CPU.Build.0 = Debug|Any CPU
		{12232886-082B-4791-AB5C-D284092454F7}.Release|Any CPU.ActiveCfg = Release|Any CPU
		{12232886-082B-4791-AB5C-D284092454F7}.Release|Any CPU.Build.0 = Release|Any CPU
	EndGlobalSection
	GlobalSection(SolutionProperties) = preSolution
		HideSolutionNode = FALSE
	EndGlobalSection
	GlobalSection(ExtensibilityGlobals) = postSolution
		SolutionGuid = {17337EE1-E94A-4AE8-9134-6E7765D17AB3}
	EndGlobalSection
EndGlobal
